// !$*UTF8*$!
{
	archiveVersion = 1;
	classes = {
	};
	objectVersion = 50;
	objects = {

/* Begin PBXBuildFile section */
		61510EB7243EFD0B00E55EB7 /* JXUIKitUtils.m in Sources */ = {isa = PBXBuildFile; fileRef = 61510EB6243EFD0B00E55EB7 /* JXUIKitUtils.m */; };
		61510EBA243F35CE00E55EB7 /* JXFoundationUtils.m in Sources */ = {isa = PBXBuildFile; fileRef = 61510EB9243F35CE00E55EB7 /* JXFoundationUtils.m */; };
		61510ED12440616D00E55EB7 /* JXParameterTool.m in Sources */ = {isa = PBXBuildFile; fileRef = 61510ED02440616D00E55EB7 /* JXParameterTool.m */; };
		61510ED72441BC6400E55EB7 /* JXAuthorization.m in Sources */ = {isa = PBXBuildFile; fileRef = 61510ED52441BC6400E55EB7 /* JXAuthorization.m */; };
		61636725242B5068009BC274 /* AppDelegate.m in Sources */ = {isa = PBXBuildFile; fileRef = 61636724242B5068009BC274 /* AppDelegate.m */; };
		6163672B242B5068009BC274 /* ViewController.m in Sources */ = {isa = PBXBuildFile; fileRef = 6163672A242B5068009BC274 /* ViewController.m */; };
		6163672E242B5068009BC274 /* Main.storyboard in Resources */ = {isa = PBXBuildFile; fileRef = 6163672C242B5068009BC274 /* Main.storyboard */; };
		61636730242B506A009BC274 /* Assets.xcassets in Resources */ = {isa = PBXBuildFile; fileRef = 6163672F242B506A009BC274 /* Assets.xcassets */; };
		61636733242B506A009BC274 /* LaunchScreen.storyboard in Resources */ = {isa = PBXBuildFile; fileRef = 61636731242B506A009BC274 /* LaunchScreen.storyboard */; };
		61636736242B506A009BC274 /* main.m in Sources */ = {isa = PBXBuildFile; fileRef = 61636735242B506A009BC274 /* main.m */; };
		61636740242B506A009BC274 /* JXUtilsKitTests.m in Sources */ = {isa = PBXBuildFile; fileRef = 6163673F242B506A009BC274 /* JXUtilsKitTests.m */; };
		6163674B242B506A009BC274 /* JXUtilsKitUITests.m in Sources */ = {isa = PBXBuildFile; fileRef = 6163674A242B506A009BC274 /* JXUtilsKitUITests.m */; };
		61878E8425F78A5200C0E1CC /* AuthorizationTests.m in Sources */ = {isa = PBXBuildFile; fileRef = 61878E8325F78A5200C0E1CC /* AuthorizationTests.m */; };
		61878E9B25F7904C00C0E1CC /* UIKitUtilsTests.m in Sources */ = {isa = PBXBuildFile; fileRef = 61878E9A25F7904C00C0E1CC /* UIKitUtilsTests.m */; };
		61878EA325F8676A00C0E1CC /* FoundationUtilsTests.m in Sources */ = {isa = PBXBuildFile; fileRef = 61878EA225F8676A00C0E1CC /* FoundationUtilsTests.m */; };
		61878EA825F86B2D00C0E1CC /* ParameterTests.m in Sources */ = {isa = PBXBuildFile; fileRef = 61878EA725F86B2D00C0E1CC /* ParameterTests.m */; };
		61878EAE25F86D1F00C0E1CC /* ThreadSafeTests.m in Sources */ = {isa = PBXBuildFile; fileRef = 61878EAD25F86D1F00C0E1CC /* ThreadSafeTests.m */; };
		61A871D52430AE2500682B5E /* JXSafeMutableDictionary.m in Sources */ = {isa = PBXBuildFile; fileRef = 61A871D22430AE2500682B5E /* JXSafeMutableDictionary.m */; };
		61A871D62430AE2500682B5E /* JXSafeMutableArray.m in Sources */ = {isa = PBXBuildFile; fileRef = 61A871D42430AE2500682B5E /* JXSafeMutableArray.m */; };
		61A871D92430AE5000682B5E /* JXByteConversion.m in Sources */ = {isa = PBXBuildFile; fileRef = 61A871D82430AE5000682B5E /* JXByteConversion.m */; };
		61A871DB2430AF2200682B5E /* JXUtilsKit.podspec in Resources */ = {isa = PBXBuildFile; fileRef = 61A871DA2430AF2200682B5E /* JXUtilsKit.podspec */; };
		61A871DE2430B2C900682B5E /* README.md in Resources */ = {isa = PBXBuildFile; fileRef = 61A871DD2430B2C900682B5E /* README.md */; };
/* End PBXBuildFile section */

/* Begin PBXContainerItemProxy section */
		6163673C242B506A009BC274 /* PBXContainerItemProxy */ = {
			isa = PBXContainerItemProxy;
			containerPortal = 61636718242B5068009BC274 /* Project object */;
			proxyType = 1;
			remoteGlobalIDString = 6163671F242B5068009BC274;
			remoteInfo = JXUtilsKit;
		};
		61636747242B506A009BC274 /* PBXContainerItemProxy */ = {
			isa = PBXContainerItemProxy;
			containerPortal = 61636718242B5068009BC274 /* Project object */;
			proxyType = 1;
			remoteGlobalIDString = 6163671F242B5068009BC274;
			remoteInfo = JXUtilsKit;
		};
/* End PBXContainerItemProxy section */

/* Begin PBXFileReference section */
		61510EB5243EFD0B00E55EB7 /* JXUIKitUtils.h */ = {isa = PBXFileReference; lastKnownFileType = sourcecode.c.h; path = JXUIKitUtils.h; sourceTree = "<group>"; };
		61510EB6243EFD0B00E55EB7 /* JXUIKitUtils.m */ = {isa = PBXFileReference; lastKnownFileType = sourcecode.c.objc; path = JXUIKitUtils.m; sourceTree = "<group>"; };
		61510EB8243F35CE00E55EB7 /* JXFoundationUtils.h */ = {isa = PBXFileReference; lastKnownFileType = sourcecode.c.h; path = JXFoundationUtils.h; sourceTree = "<group>"; };
		61510EB9243F35CE00E55EB7 /* JXFoundationUtils.m */ = {isa = PBXFileReference; lastKnownFileType = sourcecode.c.objc; path = JXFoundationUtils.m; sourceTree = "<group>"; };
		61510EBB2440159600E55EB7 /* JXGlobalMacroHeader.h */ = {isa = PBXFileReference; lastKnownFileType = sourcecode.c.h; path = JXGlobalMacroHeader.h; sourceTree = "<group>"; };
		61510ECF2440616D00E55EB7 /* JXParameterTool.h */ = {isa = PBXFileReference; lastKnownFileType = sourcecode.c.h; path = JXParameterTool.h; sourceTree = "<group>"; };
		61510ED02440616D00E55EB7 /* JXParameterTool.m */ = {isa = PBXFileReference; lastKnownFileType = sourcecode.c.objc; path = JXParameterTool.m; sourceTree = "<group>"; };
		61510ED52441BC6400E55EB7 /* JXAuthorization.m */ = {isa = PBXFileReference; fileEncoding = 4; lastKnownFileType = sourcecode.c.objc; path = JXAuthorization.m; sourceTree = "<group>"; };
		61510ED62441BC6400E55EB7 /* JXAuthorization.h */ = {isa = PBXFileReference; fileEncoding = 4; lastKnownFileType = sourcecode.c.h; path = JXAuthorization.h; sourceTree = "<group>"; };
		61636720242B5068009BC274 /* JXUtilsKit.app */ = {isa = PBXFileReference; explicitFileType = wrapper.application; includeInIndex = 0; path = JXUtilsKit.app; sourceTree = BUILT_PRODUCTS_DIR; };
		61636723242B5068009BC274 /* AppDelegate.h */ = {isa = PBXFileReference; lastKnownFileType = sourcecode.c.h; path = AppDelegate.h; sourceTree = "<group>"; };
		61636724242B5068009BC274 /* AppDelegate.m */ = {isa = PBXFileReference; lastKnownFileType = sourcecode.c.objc; path = AppDelegate.m; sourceTree = "<group>"; };
		61636729242B5068009BC274 /* ViewController.h */ = {isa = PBXFileReference; lastKnownFileType = sourcecode.c.h; path = ViewController.h; sourceTree = "<group>"; };
		6163672A242B5068009BC274 /* ViewController.m */ = {isa = PBXFileReference; lastKnownFileType = sourcecode.c.objc; path = ViewController.m; sourceTree = "<group>"; };
		6163672D242B5068009BC274 /* Base */ = {isa = PBXFileReference; lastKnownFileType = file.storyboard; name = Base; path = Base.lproj/Main.storyboard; sourceTree = "<group>"; };
		6163672F242B506A009BC274 /* Assets.xcassets */ = {isa = PBXFileReference; lastKnownFileType = folder.assetcatalog; path = Assets.xcassets; sourceTree = "<group>"; };
		61636732242B506A009BC274 /* Base */ = {isa = PBXFileReference; lastKnownFileType = file.storyboard; name = Base; path = Base.lproj/LaunchScreen.storyboard; sourceTree = "<group>"; };
		61636734242B506A009BC274 /* Info.plist */ = {isa = PBXFileReference; lastKnownFileType = text.plist.xml; path = Info.plist; sourceTree = "<group>"; };
		61636735242B506A009BC274 /* main.m */ = {isa = PBXFileReference; lastKnownFileType = sourcecode.c.objc; path = main.m; sourceTree = "<group>"; };
		6163673B242B506A009BC274 /* JXUtilsKitTests.xctest */ = {isa = PBXFileReference; explicitFileType = wrapper.cfbundle; includeInIndex = 0; path = JXUtilsKitTests.xctest; sourceTree = BUILT_PRODUCTS_DIR; };
		6163673F242B506A009BC274 /* JXUtilsKitTests.m */ = {isa = PBXFileReference; lastKnownFileType = sourcecode.c.objc; path = JXUtilsKitTests.m; sourceTree = "<group>"; };
		61636741242B506A009BC274 /* Info.plist */ = {isa = PBXFileReference; lastKnownFileType = text.plist.xml; path = Info.plist; sourceTree = "<group>"; };
		61636746242B506A009BC274 /* JXUtilsKitUITests.xctest */ = {isa = PBXFileReference; explicitFileType = wrapper.cfbundle; includeInIndex = 0; path = JXUtilsKitUITests.xctest; sourceTree = BUILT_PRODUCTS_DIR; };
		6163674A242B506A009BC274 /* JXUtilsKitUITests.m */ = {isa = PBXFileReference; lastKnownFileType = sourcecode.c.objc; path = JXUtilsKitUITests.m; sourceTree = "<group>"; };
		6163674C242B506A009BC274 /* Info.plist */ = {isa = PBXFileReference; lastKnownFileType = text.plist.xml; path = Info.plist; sourceTree = "<group>"; };
		61878E8325F78A5200C0E1CC /* AuthorizationTests.m */ = {isa = PBXFileReference; lastKnownFileType = sourcecode.c.objc; path = AuthorizationTests.m; sourceTree = "<group>"; };
		61878E9A25F7904C00C0E1CC /* UIKitUtilsTests.m */ = {isa = PBXFileReference; lastKnownFileType = sourcecode.c.objc; path = UIKitUtilsTests.m; sourceTree = "<group>"; };
		61878EA225F8676A00C0E1CC /* FoundationUtilsTests.m */ = {isa = PBXFileReference; lastKnownFileType = sourcecode.c.objc; path = FoundationUtilsTests.m; sourceTree = "<group>"; };
		61878EA725F86B2D00C0E1CC /* ParameterTests.m */ = {isa = PBXFileReference; lastKnownFileType = sourcecode.c.objc; path = ParameterTests.m; sourceTree = "<group>"; };
		61878EAD25F86D1F00C0E1CC /* ThreadSafeTests.m */ = {isa = PBXFileReference; lastKnownFileType = sourcecode.c.objc; path = ThreadSafeTests.m; sourceTree = "<group>"; };
		61A871D12430AE2500682B5E /* JXSafeMutableArray.h */ = {isa = PBXFileReference; fileEncoding = 4; lastKnownFileType = sourcecode.c.h; path = JXSafeMutableArray.h; sourceTree = "<group>"; };
		61A871D22430AE2500682B5E /* JXSafeMutableDictionary.m */ = {isa = PBXFileReference; fileEncoding = 4; lastKnownFileType = sourcecode.c.objc; path = JXSafeMutableDictionary.m; sourceTree = "<group>"; };
		61A871D32430AE2500682B5E /* JXSafeMutableDictionary.h */ = {isa = PBXFileReference; fileEncoding = 4; lastKnownFileType = sourcecode.c.h; path = JXSafeMutableDictionary.h; sourceTree = "<group>"; };
		61A871D42430AE2500682B5E /* JXSafeMutableArray.m */ = {isa = PBXFileReference; fileEncoding = 4; lastKnownFileType = sourcecode.c.objc; path = JXSafeMutableArray.m; sourceTree = "<group>"; };
		61A871D72430AE5000682B5E /* JXByteConversion.h */ = {isa = PBXFileReference; lastKnownFileType = sourcecode.c.h; path = JXByteConversion.h; sourceTree = "<group>"; };
		61A871D82430AE5000682B5E /* JXByteConversion.m */ = {isa = PBXFileReference; lastKnownFileType = sourcecode.c.objc; path = JXByteConversion.m; sourceTree = "<group>"; };
		61A871DA2430AF2200682B5E /* JXUtilsKit.podspec */ = {isa = PBXFileReference; fileEncoding = 4; lastKnownFileType = text; path = JXUtilsKit.podspec; sourceTree = "<group>"; };
		61A871DC2430AF8900682B5E /* JXUtilsKit.h */ = {isa = PBXFileReference; lastKnownFileType = sourcecode.c.h; path = JXUtilsKit.h; sourceTree = "<group>"; };
		61A871DD2430B2C900682B5E /* README.md */ = {isa = PBXFileReference; fileEncoding = 4; lastKnownFileType = net.daringfireball.markdown; path = README.md; sourceTree = "<group>"; };
/* End PBXFileReference section */

/* Begin PBXFrameworksBuildPhase section */
		6163671D242B5068009BC274 /* Frameworks */ = {
			isa = PBXFrameworksBuildPhase;
			buildActionMask = 2147483647;
			files = (
			);
			runOnlyForDeploymentPostprocessing = 0;
		};
		61636738242B506A009BC274 /* Frameworks */ = {
			isa = PBXFrameworksBuildPhase;
			buildActionMask = 2147483647;
			files = (
			);
			runOnlyForDeploymentPostprocessing = 0;
		};
		61636743242B506A009BC274 /* Frameworks */ = {
			isa = PBXFrameworksBuildPhase;
			buildActionMask = 2147483647;
			files = (
			);
			runOnlyForDeploymentPostprocessing = 0;
		};
/* End PBXFrameworksBuildPhase section */

/* Begin PBXGroup section */
		61510EB4243EF75800E55EB7 /* Tools */ = {
			isa = PBXGroup;
			children = (
				61510ED62441BC6400E55EB7 /* JXAuthorization.h */,
				61510ED52441BC6400E55EB7 /* JXAuthorization.m */,
				61510EB5243EFD0B00E55EB7 /* JXUIKitUtils.h */,
				61510EB6243EFD0B00E55EB7 /* JXUIKitUtils.m */,
				61510EB8243F35CE00E55EB7 /* JXFoundationUtils.h */,
				61510EB9243F35CE00E55EB7 /* JXFoundationUtils.m */,
				61510ECF2440616D00E55EB7 /* JXParameterTool.h */,
				61510ED02440616D00E55EB7 /* JXParameterTool.m */,
			);
			path = Tools;
			sourceTree = "<group>";
		};
		61636717242B5068009BC274 = {
			isa = PBXGroup;
			children = (
				61A871DD2430B2C900682B5E /* README.md */,
				61A871DA2430AF2200682B5E /* JXUtilsKit.podspec */,
				61636722242B5068009BC274 /* JXUtilsKit */,
				6163673E242B506A009BC274 /* JXUtilsKitTests */,
				61636749242B506A009BC274 /* JXUtilsKitUITests */,
				61636721242B5068009BC274 /* Products */,
			);
			sourceTree = "<group>";
		};
		61636721242B5068009BC274 /* Products */ = {
			isa = PBXGroup;
			children = (
				61636720242B5068009BC274 /* JXUtilsKit.app */,
				6163673B242B506A009BC274 /* JXUtilsKitTests.xctest */,
				61636746242B506A009BC274 /* JXUtilsKitUITests.xctest */,
			);
			name = Products;
			sourceTree = "<group>";
		};
		61636722242B5068009BC274 /* JXUtilsKit */ = {
			isa = PBXGroup;
			children = (
				61A871DC2430AF8900682B5E /* JXUtilsKit.h */,
				61510EB4243EF75800E55EB7 /* Tools */,
				61A871CB2430AAE800682B5E /* Byte */,
				61A871CA2430AAE100682B5E /* Marco */,
				61A871C92430A9D600682B5E /* ThreadSafe */,
				61636723242B5068009BC274 /* AppDelegate.h */,
				61636724242B5068009BC274 /* AppDelegate.m */,
				61636729242B5068009BC274 /* ViewController.h */,
				6163672A242B5068009BC274 /* ViewController.m */,
				6163672C242B5068009BC274 /* Main.storyboard */,
				6163672F242B506A009BC274 /* Assets.xcassets */,
				61636731242B506A009BC274 /* LaunchScreen.storyboard */,
				61636734242B506A009BC274 /* Info.plist */,
				61636735242B506A009BC274 /* main.m */,
			);
			path = JXUtilsKit;
			sourceTree = "<group>";
		};
		6163673E242B506A009BC274 /* JXUtilsKitTests */ = {
			isa = PBXGroup;
			children = (
				61878EAC25F86D0500C0E1CC /* ThreadSafe */,
				61878E8225F78A2E00C0E1CC /* Tools */,
				6163673F242B506A009BC274 /* JXUtilsKitTests.m */,
				61636741242B506A009BC274 /* Info.plist */,
			);
			path = JXUtilsKitTests;
			sourceTree = "<group>";
		};
		61636749242B506A009BC274 /* JXUtilsKitUITests */ = {
			isa = PBXGroup;
			children = (
				6163674A242B506A009BC274 /* JXUtilsKitUITests.m */,
				6163674C242B506A009BC274 /* Info.plist */,
			);
			path = JXUtilsKitUITests;
			sourceTree = "<group>";
		};
		61878E8225F78A2E00C0E1CC /* Tools */ = {
			isa = PBXGroup;
			children = (
				61878E8325F78A5200C0E1CC /* AuthorizationTests.m */,
				61878E9A25F7904C00C0E1CC /* UIKitUtilsTests.m */,
				61878EA225F8676A00C0E1CC /* FoundationUtilsTests.m */,
				61878EA725F86B2D00C0E1CC /* ParameterTests.m */,
			);
			path = Tools;
			sourceTree = "<group>";
		};
		61878EAC25F86D0500C0E1CC /* ThreadSafe */ = {
			isa = PBXGroup;
			children = (
				61878EAD25F86D1F00C0E1CC /* ThreadSafeTests.m */,
			);
			path = ThreadSafe;
			sourceTree = "<group>";
		};
		61A871C92430A9D600682B5E /* ThreadSafe */ = {
			isa = PBXGroup;
			children = (
				61A871D12430AE2500682B5E /* JXSafeMutableArray.h */,
				61A871D42430AE2500682B5E /* JXSafeMutableArray.m */,
				61A871D32430AE2500682B5E /* JXSafeMutableDictionary.h */,
				61A871D22430AE2500682B5E /* JXSafeMutableDictionary.m */,
			);
			path = ThreadSafe;
			sourceTree = "<group>";
		};
		61A871CA2430AAE100682B5E /* Marco */ = {
			isa = PBXGroup;
			children = (
				61510EBB2440159600E55EB7 /* JXGlobalMacroHeader.h */,
			);
			path = Marco;
			sourceTree = "<group>";
		};
		61A871CB2430AAE800682B5E /* Byte */ = {
			isa = PBXGroup;
			children = (
				61A871D72430AE5000682B5E /* JXByteConversion.h */,
				61A871D82430AE5000682B5E /* JXByteConversion.m */,
			);
			path = Byte;
			sourceTree = "<group>";
		};
/* End PBXGroup section */

/* Begin PBXNativeTarget section */
		6163671F242B5068009BC274 /* JXUtilsKit */ = {
			isa = PBXNativeTarget;
			buildConfigurationList = 6163674F242B506A009BC274 /* Build configuration list for PBXNativeTarget "JXUtilsKit" */;
			buildPhases = (
				6163671C242B5068009BC274 /* Sources */,
				6163671D242B5068009BC274 /* Frameworks */,
				6163671E242B5068009BC274 /* Resources */,
			);
			buildRules = (
			);
			dependencies = (
			);
			name = JXUtilsKit;
			productName = JXUtilsKit;
			productReference = 61636720242B5068009BC274 /* JXUtilsKit.app */;
			productType = "com.apple.product-type.application";
		};
		6163673A242B506A009BC274 /* JXUtilsKitTests */ = {
			isa = PBXNativeTarget;
			buildConfigurationList = 61636752242B506A009BC274 /* Build configuration list for PBXNativeTarget "JXUtilsKitTests" */;
			buildPhases = (
				61636737242B506A009BC274 /* Sources */,
				61636738242B506A009BC274 /* Frameworks */,
				61636739242B506A009BC274 /* Resources */,
			);
			buildRules = (
			);
			dependencies = (
				6163673D242B506A009BC274 /* PBXTargetDependency */,
			);
			name = JXUtilsKitTests;
			productName = JXUtilsKitTests;
			productReference = 6163673B242B506A009BC274 /* JXUtilsKitTests.xctest */;
			productType = "com.apple.product-type.bundle.unit-test";
		};
		61636745242B506A009BC274 /* JXUtilsKitUITests */ = {
			isa = PBXNativeTarget;
			buildConfigurationList = 61636755242B506A009BC274 /* Build configuration list for PBXNativeTarget "JXUtilsKitUITests" */;
			buildPhases = (
				61636742242B506A009BC274 /* Sources */,
				61636743242B506A009BC274 /* Frameworks */,
				61636744242B506A009BC274 /* Resources */,
			);
			buildRules = (
			);
			dependencies = (
				61636748242B506A009BC274 /* PBXTargetDependency */,
			);
			name = JXUtilsKitUITests;
			productName = JXUtilsKitUITests;
			productReference = 61636746242B506A009BC274 /* JXUtilsKitUITests.xctest */;
			productType = "com.apple.product-type.bundle.ui-testing";
		};
/* End PBXNativeTarget section */

/* Begin PBXProject section */
		61636718242B5068009BC274 /* Project object */ = {
			isa = PBXProject;
			attributes = {
				LastUpgradeCheck = 1220;
				ORGANIZATIONNAME = Barnett;
				TargetAttributes = {
					6163671F242B5068009BC274 = {
						CreatedOnToolsVersion = 11.4;
					};
					6163673A242B506A009BC274 = {
						CreatedOnToolsVersion = 11.4;
						TestTargetID = 6163671F242B5068009BC274;
					};
					61636745242B506A009BC274 = {
						CreatedOnToolsVersion = 11.4;
						TestTargetID = 6163671F242B5068009BC274;
					};
				};
			};
			buildConfigurationList = 6163671B242B5068009BC274 /* Build configuration list for PBXProject "JXUtilsKit" */;
			compatibilityVersion = "Xcode 9.3";
			developmentRegion = en;
			hasScannedForEncodings = 0;
			knownRegions = (
				en,
				Base,
			);
			mainGroup = 61636717242B5068009BC274;
			productRefGroup = 61636721242B5068009BC274 /* Products */;
			projectDirPath = "";
			projectRoot = "";
			targets = (
				6163671F242B5068009BC274 /* JXUtilsKit */,
				6163673A242B506A009BC274 /* JXUtilsKitTests */,
				61636745242B506A009BC274 /* JXUtilsKitUITests */,
			);
		};
/* End PBXProject section */

/* Begin PBXResourcesBuildPhase section */
		6163671E242B5068009BC274 /* Resources */ = {
			isa = PBXResourcesBuildPhase;
			buildActionMask = 2147483647;
			files = (
				61636733242B506A009BC274 /* LaunchScreen.storyboard in Resources */,
				61A871DB2430AF2200682B5E /* JXUtilsKit.podspec in Resources */,
				61A871DE2430B2C900682B5E /* README.md in Resources */,
				61636730242B506A009BC274 /* Assets.xcassets in Resources */,
				6163672E242B5068009BC274 /* Main.storyboard in Resources */,
			);
			runOnlyForDeploymentPostprocessing = 0;
		};
		61636739242B506A009BC274 /* Resources */ = {
			isa = PBXResourcesBuildPhase;
			buildActionMask = 2147483647;
			files = (
			);
			runOnlyForDeploymentPostprocessing = 0;
		};
		61636744242B506A009BC274 /* Resources */ = {
			isa = PBXResourcesBuildPhase;
			buildActionMask = 2147483647;
			files = (
			);
			runOnlyForDeploymentPostprocessing = 0;
		};
/* End PBXResourcesBuildPhase section */

/* Begin PBXSourcesBuildPhase section */
		6163671C242B5068009BC274 /* Sources */ = {
			isa = PBXSourcesBuildPhase;
			buildActionMask = 2147483647;
			files = (
				6163672B242B5068009BC274 /* ViewController.m in Sources */,
				61636725242B5068009BC274 /* AppDelegate.m in Sources */,
				61510EB7243EFD0B00E55EB7 /* JXUIKitUtils.m in Sources */,
				61636736242B506A009BC274 /* main.m in Sources */,
				61A871D62430AE2500682B5E /* JXSafeMutableArray.m in Sources */,
				61510ED12440616D00E55EB7 /* JXParameterTool.m in Sources */,
				61510ED72441BC6400E55EB7 /* JXAuthorization.m in Sources */,
				61510EBA243F35CE00E55EB7 /* JXFoundationUtils.m in Sources */,
				61A871D52430AE2500682B5E /* JXSafeMutableDictionary.m in Sources */,
				61A871D92430AE5000682B5E /* JXByteConversion.m in Sources */,
			);
			runOnlyForDeploymentPostprocessing = 0;
		};
		61636737242B506A009BC274 /* Sources */ = {
			isa = PBXSourcesBuildPhase;
			buildActionMask = 2147483647;
			files = (
				61878EAE25F86D1F00C0E1CC /* ThreadSafeTests.m in Sources */,
				61878EA825F86B2D00C0E1CC /* ParameterTests.m in Sources */,
				61878EA325F8676A00C0E1CC /* FoundationUtilsTests.m in Sources */,
				61878E9B25F7904C00C0E1CC /* UIKitUtilsTests.m in Sources */,
				61636740242B506A009BC274 /* JXUtilsKitTests.m in Sources */,
				61878E8425F78A5200C0E1CC /* AuthorizationTests.m in Sources */,
			);
			runOnlyForDeploymentPostprocessing = 0;
		};
		61636742242B506A009BC274 /* Sources */ = {
			isa = PBXSourcesBuildPhase;
			buildActionMask = 2147483647;
			files = (
				6163674B242B506A009BC274 /* JXUtilsKitUITests.m in Sources */,
			);
			runOnlyForDeploymentPostprocessing = 0;
		};
/* End PBXSourcesBuildPhase section */

/* Begin PBXTargetDependency section */
		6163673D242B506A009BC274 /* PBXTargetDependency */ = {
			isa = PBXTargetDependency;
			target = 6163671F242B5068009BC274 /* JXUtilsKit */;
			targetProxy = 6163673C242B506A009BC274 /* PBXContainerItemProxy */;
		};
		61636748242B506A009BC274 /* PBXTargetDependency */ = {
			isa = PBXTargetDependency;
			target = 6163671F242B5068009BC274 /* JXUtilsKit */;
			targetProxy = 61636747242B506A009BC274 /* PBXContainerItemProxy */;
		};
/* End PBXTargetDependency section */

/* Begin PBXVariantGroup section */
		6163672C242B5068009BC274 /* Main.storyboard */ = {
			isa = PBXVariantGroup;
			children = (
				6163672D242B5068009BC274 /* Base */,
			);
			name = Main.storyboard;
			sourceTree = "<group>";
		};
		61636731242B506A009BC274 /* LaunchScreen.storyboard */ = {
			isa = PBXVariantGroup;
			children = (
				61636732242B506A009BC274 /* Base */,
			);
			name = LaunchScreen.storyboard;
			sourceTree = "<group>";
		};
/* End PBXVariantGroup section */

/* Begin XCBuildConfiguration section */
		6163674D242B506A009BC274 /* Debug */ = {
			isa = XCBuildConfiguration;
			buildSettings = {
				ALWAYS_SEARCH_USER_PATHS = NO;
				CLANG_ANALYZER_NONNULL = YES;
				CLANG_ANALYZER_NUMBER_OBJECT_CONVERSION = YES_AGGRESSIVE;
				CLANG_CXX_LANGUAGE_STANDARD = "gnu++14";
				CLANG_CXX_LIBRARY = "libc++";
				CLANG_ENABLE_MODULES = YES;
				CLANG_ENABLE_OBJC_ARC = YES;
				CLANG_ENABLE_OBJC_WEAK = YES;
				CLANG_WARN_BLOCK_CAPTURE_AUTORELEASING = YES;
				CLANG_WARN_BOOL_CONVERSION = YES;
				CLANG_WARN_COMMA = YES;
				CLANG_WARN_CONSTANT_CONVERSION = YES;
				CLANG_WARN_DEPRECATED_OBJC_IMPLEMENTATIONS = YES;
				CLANG_WARN_DIRECT_OBJC_ISA_USAGE = YES_ERROR;
				CLANG_WARN_DOCUMENTATION_COMMENTS = YES;
				CLANG_WARN_EMPTY_BODY = YES;
				CLANG_WARN_ENUM_CONVERSION = YES;
				CLANG_WARN_INFINITE_RECURSION = YES;
				CLANG_WARN_INT_CONVERSION = YES;
				CLANG_WARN_NON_LITERAL_NULL_CONVERSION = YES;
				CLANG_WARN_OBJC_IMPLICIT_RETAIN_SELF = YES;
				CLANG_WARN_OBJC_LITERAL_CONVERSION = YES;
				CLANG_WARN_OBJC_ROOT_CLASS = YES_ERROR;
				CLANG_WARN_QUOTED_INCLUDE_IN_FRAMEWORK_HEADER = YES;
				CLANG_WARN_RANGE_LOOP_ANALYSIS = YES;
				CLANG_WARN_STRICT_PROTOTYPES = YES;
				CLANG_WARN_SUSPICIOUS_MOVE = YES;
				CLANG_WARN_UNGUARDED_AVAILABILITY = YES_AGGRESSIVE;
				CLANG_WARN_UNREACHABLE_CODE = YES;
				CLANG_WARN__DUPLICATE_METHOD_MATCH = YES;
				COPY_PHASE_STRIP = NO;
				DEBUG_INFORMATION_FORMAT = dwarf;
				ENABLE_STRICT_OBJC_MSGSEND = YES;
				ENABLE_TESTABILITY = YES;
				GCC_C_LANGUAGE_STANDARD = gnu11;
				GCC_DYNAMIC_NO_PIC = NO;
				GCC_NO_COMMON_BLOCKS = YES;
				GCC_OPTIMIZATION_LEVEL = 0;
				GCC_PREPROCESSOR_DEFINITIONS = (
					"DEBUG=1",
					"$(inherited)",
				);
				GCC_WARN_64_TO_32_BIT_CONVERSION = YES;
				GCC_WARN_ABOUT_RETURN_TYPE = YES_ERROR;
				GCC_WARN_UNDECLARED_SELECTOR = YES;
				GCC_WARN_UNINITIALIZED_AUTOS = YES_AGGRESSIVE;
				GCC_WARN_UNUSED_FUNCTION = YES;
				GCC_WARN_UNUSED_VARIABLE = YES;
				IPHONEOS_DEPLOYMENT_TARGET = 13.4;
				MTL_ENABLE_DEBUG_INFO = INCLUDE_SOURCE;
				MTL_FAST_MATH = YES;
				ONLY_ACTIVE_ARCH = YES;
				SDKROOT = iphoneos;
			};
			name = Debug;
		};
		6163674E242B506A009BC274 /* Release */ = {
			isa = XCBuildConfiguration;
			buildSettings = {
				ALWAYS_SEARCH_USER_PATHS = NO;
				CLANG_ANALYZER_NONNULL = YES;
				CLANG_ANALYZER_NUMBER_OBJECT_CONVERSION = YES_AGGRESSIVE;
				CLANG_CXX_LANGUAGE_STANDARD = "gnu++14";
				CLANG_CXX_LIBRARY = "libc++";
				CLANG_ENABLE_MODULES = YES;
				CLANG_ENABLE_OBJC_ARC = YES;
				CLANG_ENABLE_OBJC_WEAK = YES;
				CLANG_WARN_BLOCK_CAPTURE_AUTORELEASING = YES;
				CLANG_WARN_BOOL_CONVERSION = YES;
				CLANG_WARN_COMMA = YES;
				CLANG_WARN_CONSTANT_CONVERSION = YES;
				CLANG_WARN_DEPRECATED_OBJC_IMPLEMENTATIONS = YES;
				CLANG_WARN_DIRECT_OBJC_ISA_USAGE = YES_ERROR;
				CLANG_WARN_DOCUMENTATION_COMMENTS = YES;
				CLANG_WARN_EMPTY_BODY = YES;
				CLANG_WARN_ENUM_CONVERSION = YES;
				CLANG_WARN_INFINITE_RECURSION = YES;
				CLANG_WARN_INT_CONVERSION = YES;
				CLANG_WARN_NON_LITERAL_NULL_CONVERSION = YES;
				CLANG_WARN_OBJC_IMPLICIT_RETAIN_SELF = YES;
				CLANG_WARN_OBJC_LITERAL_CONVERSION = YES;
				CLANG_WARN_OBJC_ROOT_CLASS = YES_ERROR;
				CLANG_WARN_QUOTED_INCLUDE_IN_FRAMEWORK_HEADER = YES;
				CLANG_WARN_RANGE_LOOP_ANALYSIS = YES;
				CLANG_WARN_STRICT_PROTOTYPES = YES;
				CLANG_WARN_SUSPICIOUS_MOVE = YES;
				CLANG_WARN_UNGUARDED_AVAILABILITY = YES_AGGRESSIVE;
				CLANG_WARN_UNREACHABLE_CODE = YES;
				CLANG_WARN__DUPLICATE_METHOD_MATCH = YES;
				COPY_PHASE_STRIP = NO;
				DEBUG_INFORMATION_FORMAT = "dwarf-with-dsym";
				ENABLE_NS_ASSERTIONS = NO;
				ENABLE_STRICT_OBJC_MSGSEND = YES;
				GCC_C_LANGUAGE_STANDARD = gnu11;
				GCC_NO_COMMON_BLOCKS = YES;
				GCC_WARN_64_TO_32_BIT_CONVERSION = YES;
				GCC_WARN_ABOUT_RETURN_TYPE = YES_ERROR;
				GCC_WARN_UNDECLARED_SELECTOR = YES;
				GCC_WARN_UNINITIALIZED_AUTOS = YES_AGGRESSIVE;
				GCC_WARN_UNUSED_FUNCTION = YES;
				GCC_WARN_UNUSED_VARIABLE = YES;
				IPHONEOS_DEPLOYMENT_TARGET = 13.4;
				MTL_ENABLE_DEBUG_INFO = NO;
				MTL_FAST_MATH = YES;
				SDKROOT = iphoneos;
				VALIDATE_PRODUCT = YES;
			};
			name = Release;
		};
		61636750242B506A009BC274 /* Debug */ = {
			isa = XCBuildConfiguration;
			buildSettings = {
				ASSETCATALOG_COMPILER_APPICON_NAME = AppIcon;
				CODE_SIGN_STYLE = Automatic;
				DEVELOPMENT_TEAM = E8RV92MFCF;
				INFOPLIST_FILE = JXUtilsKit/Info.plist;
				IPHONEOS_DEPLOYMENT_TARGET = 11.0;
				LD_RUNPATH_SEARCH_PATHS = (
					"$(inherited)",
					"@executable_path/Frameworks",
				);
				PRODUCT_BUNDLE_IDENTIFIER = com.qwbcg.JXUtilsKit;
				PRODUCT_NAME = "$(TARGET_NAME)";
				TARGETED_DEVICE_FAMILY = 1;
			};
			name = Debug;
		};
		61636751242B506A009BC274 /* Release */ = {
			isa = XCBuildConfiguration;
			buildSettings = {
				ASSETCATALOG_COMPILER_APPICON_NAME = AppIcon;
				CODE_SIGN_STYLE = Automatic;
				DEVELOPMENT_TEAM = E8RV92MFCF;
				INFOPLIST_FILE = JXUtilsKit/Info.plist;
				IPHONEOS_DEPLOYMENT_TARGET = 11.0;
				LD_RUNPATH_SEARCH_PATHS = (
					"$(inherited)",
					"@executable_path/Frameworks",
				);
				PRODUCT_BUNDLE_IDENTIFIER = com.qwbcg.JXUtilsKit;
				PRODUCT_NAME = "$(TARGET_NAME)";
				TARGETED_DEVICE_FAMILY = 1;
			};
			name = Release;
		};
		61636753242B506A009BC274 /* Debug */ = {
			isa = XCBuildConfiguration;
			buildSettings = {
				BUNDLE_LOADER = "$(TEST_HOST)";
				CODE_SIGN_STYLE = Automatic;
				DEVELOPMENT_TEAM = E8RV92MFCF;
				INFOPLIST_FILE = JXUtilsKitTests/Info.plist;
				IPHONEOS_DEPLOYMENT_TARGET = 13.4;
				LD_RUNPATH_SEARCH_PATHS = (
					"$(inherited)",
					"@executable_path/Frameworks",
					"@loader_path/Frameworks",
				);
				PRODUCT_BUNDLE_IDENTIFIER = com.qwbcg.JXUtilsKitTests;
				PRODUCT_NAME = "$(TARGET_NAME)";
				TARGETED_DEVICE_FAMILY = "1,2";
				TEST_HOST = "$(BUILT_PRODUCTS_DIR)/JXUtilsKit.app/JXUtilsKit";
			};
			name = Debug;
		};
		61636754242B506A009BC274 /* Release */ = {
			isa = XCBuildConfiguration;
			buildSettings = {
				BUNDLE_LOADER = "$(TEST_HOST)";
				CODE_SIGN_STYLE = Automatic;
				DEVELOPMENT_TEAM = E8RV92MFCF;
				INFOPLIST_FILE = JXUtilsKitTests/Info.plist;
				IPHONEOS_DEPLOYMENT_TARGET = 13.4;
				LD_RUNPATH_SEARCH_PATHS = (
					"$(inherited)",
					"@executable_path/Frameworks",
					"@loader_path/Frameworks",
				);
				PRODUCT_BUNDLE_IDENTIFIER = com.qwbcg.JXUtilsKitTests;
				PRODUCT_NAME = "$(TARGET_NAME)";
				TARGETED_DEVICE_FAMILY = "1,2";
				TEST_HOST = "$(BUILT_PRODUCTS_DIR)/JXUtilsKit.app/JXUtilsKit";
			};
			name = Release;
		};
		61636756242B506A009BC274 /* Debug */ = {
			isa = XCBuildConfiguration;
			buildSettings = {
				CODE_SIGN_STYLE = Manual;
				DEVELOPMENT_TEAM = "";
				INFOPLIST_FILE = JXUtilsKitUITests/Info.plist;
				LD_RUNPATH_SEARCH_PATHS = (
					"$(inherited)",
					"@executable_path/Frameworks",
					"@loader_path/Frameworks",
				);
				PRODUCT_BUNDLE_IDENTIFIER = com.qwbcg.JXUtilsKitUITests;
				PRODUCT_NAME = "$(TARGET_NAME)";
				PROVISIONING_PROFILE_SPECIFIER = "";
				"PROVISIONING_PROFILE_SPECIFIER[sdk=macosx*]" = "";
				TARGETED_DEVICE_FAMILY = "1,2";
				TEST_TARGET_NAME = JXUtilsKit;
			};
			name = Debug;
		};
		61636757242B506A009BC274 /* Release */ = {
			isa = XCBuildConfiguration;
			buildSettings = {
				CODE_SIGN_STYLE = Manual;
				DEVELOPMENT_TEAM = "";
				INFOPLIST_FILE = JXUtilsKitUITests/Info.plist;
				LD_RUNPATH_SEARCH_PATHS = (
					"$(inherited)",
					"@executable_path/Frameworks",
					"@loader_path/Frameworks",
				);
				PRODUCT_BUNDLE_IDENTIFIER = com.qwbcg.JXUtilsKitUITests;
				PRODUCT_NAME = "$(TARGET_NAME)";
				PROVISIONING_PROFILE_SPECIFIER = "";
				"PROVISIONING_PROFILE_SPECIFIER[sdk=macosx*]" = "";
				TARGETED_DEVICE_FAMILY = "1,2";
				TEST_TARGET_NAME = JXUtilsKit;
			};
			name = Release;
		};
/* End XCBuildConfiguration section */

/* Begin XCConfigurationList section */
		6163671B242B5068009BC274 /* Build configuration list for PBXProject "JXUtilsKit" */ = {
			isa = XCConfigurationList;
			buildConfigurations = (
				6163674D242B506A009BC274 /* Debug */,
				6163674E242B506A009BC274 /* Release */,
			);
			defaultConfigurationIsVisible = 0;
			defaultConfigurationName = Release;
		};
		6163674F242B506A009BC274 /* Build configuration list for PBXNativeTarget "JXUtilsKit" */ = {
			isa = XCConfigurationList;
			buildConfigurations = (
				61636750242B506A009BC274 /* Debug */,
				61636751242B506A009BC274 /* Release */,
			);
			defaultConfigurationIsVisible = 0;
			defaultConfigurationName = Release;
		};
		61636752242B506A009BC274 /* Build configuration list for PBXNativeTarget "JXUtilsKitTests" */ = {
			isa = XCConfigurationList;
			buildConfigurations = (
				61636753242B506A009BC274 /* Debug */,
				61636754242B506A009BC274 /* Release */,
			);
			defaultConfigurationIsVisible = 0;
			defaultConfigurationName = Release;
		};
		61636755242B506A009BC274 /* Build configuration list for PBXNativeTarget "JXUtilsKitUITests" */ = {
			isa = XCConfigurationList;
			buildConfigurations = (
				61636756242B506A009BC274 /* Debug */,
				61636757242B506A009BC274 /* Release */,
			);
			defaultConfigurationIsVisible = 0;
			defaultConfigurationName = Release;
		};
/* End XCConfigurationList section */
	};
	rootObject = 61636718242B5068009BC274 /* Project object */;
}
